version = 1
revision = 3
requires-python = ">=3.11"

[[package]]
name = "attrs"
version = "25.4.0"
source = { registry = "https://pypi.org/simple" }
sdist = { url = "https://files.pythonhosted.org/packages/6b/5c/685e6633917e101e5dcb62b9dd76946cbb57c26e133bae9e0cd36033c0a9/attrs-25.4.0.tar.gz", hash = "sha256:16d5969b87f0859ef33a48b35d55ac1be6e42ae49d5e853b597db70c35c57e11", size = 934251, upload-time = "2025-10-06T13:54:44.725Z" }
wheels = [
    { url = "https://files.pythonhosted.org/packages/3a/2a/7cc015f5b9f5db42b7d48157e23356022889fc354a2813c15934b7cb5c0e/attrs-25.4.0-py3-none-any.whl", hash = "sha256:adcf7e2a1fb3b36ac48d97835bb6d8ade15b8dcce26aba8bf1d14847b57a3373", size = 67615, upload-time = "2025-10-06T13:54:43.17Z" },
]

[[package]]
name = "aws-cdk-asset-awscli-v1"
version = "2.2.273"
source = { registry = "https://pypi.org/simple" }
dependencies = [
    { name = "jsii" },
    { name = "publication" },
    { name = "typeguard" },
]
sdist = { url = "https://files.pythonhosted.org/packages/50/11/925a1ae8dd7c9fd7e775b405f357970bdf975f54550923c6c755ac24a00d/aws_cdk_asset_awscli_v1-2.2.273.tar.gz", hash = "sha256:6580dad3416e53712db434f81add6fb4a314e1a80f9c57cc42606df1f64c8e0f", size = 20370823, upload-time = "2026-03-30T16:58:42.105Z" }
wheels = [
    { url = "https://files.pythonhosted.org/packages/3e/eb/817ecd9e0987465114d17808bb8d10907ef64c9ea6029addfab0ab9aa055/aws_cdk_asset_awscli_v1-2.2.273-py3-none-any.whl", hash = "sha256:1a0994afa7b48f63b580603be64c7a99d19ed6777bdf81d3c2435d8b43cf0d71", size = 20369281, upload-time = "2026-03-30T16:58:39.474Z" },
]

[[package]]
name = "aws-cdk-asset-node-proxy-agent-v6"
version = "2.1.2"
source = { registry = "https://pypi.org/simple" }
dependencies = [
    { name = "jsii" },
    { name = "publication" },
    { name = "typeguard" },
]
sdist = { url = "https://files.pythonhosted.org/packages/10/e3/92e49ecaa002b4ac54371538991389c248577cbae7394ea9d1261ff41078/aws_cdk_asset_node_proxy_agent_v6-2.1.2.tar.gz", hash = "sha256:1340588dd351dcae37e07188f39075364f73ccde6ed9468c1184b06ada4af665", size = 1534674, upload-time = "2026-05-15T08:14:19.895Z" }
wheels = [
    { url = "https://files.pythonhosted.org/packages/1e/06/29837eb8ae4dc82ed2e593e4b24449394393b9a8a247b0ce2cee811e5cbb/aws_cdk_asset_node_proxy_agent_v6-2.1.2-py3-none-any.whl", hash = "sha256:1028bff16fdb87b8c82404e9b48f32ed383429dece84067f47379c4049da5da4", size = 1533233, upload-time = "2026-05-15T08:14:17.622Z" },
]

[[package]]
name = "aws-cdk-cloud-assembly-schema"
version = "53.27.0"
source = { registry = "https://pypi.org/simple" }
dependencies = [
    { name = "jsii" },
    { name = "publication" },
    { name = "typeguard" },
]
sdist = { url = "https://files.pythonhosted.org/packages/fe/0d/791712ae1337471c98ad9ebca33390e242fbb20508ffeb03f17664c755e2/aws_cdk_cloud_assembly_schema-53.27.0.tar.gz", hash = "sha256:d1588da5c4b0d5de2d611923e6120b302f5280cf328e5984da8ecff9ae87a751", size = 223242, upload-time = "2026-05-20T15:55:02.283Z" }
wheels = [
    { url = "https://files.pythonhosted.org/packages/af/a6/c4ce05dc7e4b8e941ae910362b87747879423e7eb6196c913632894f1af0/aws_cdk_cloud_assembly_schema-53.27.0-py3-none-any.whl", hash = "sha256:04c4091905d3365a8d9109eda5762e59dbdc897995150cc7e703057168f833c1", size = 222824, upload-time = "2026-05-20T15:55:00.266Z" },
]

[[package]]
name = "aws-cdk-lib"
version = "2.257.0"
source = { registry = "https://pypi.org/simple" }
dependencies = [
    { name = "aws-cdk-asset-awscli-v1" },
    { name = "aws-cdk-asset-node-proxy-agent-v6" },
    { name = "aws-cdk-cloud-assembly-schema" },
    { name = "constructs" },
    { name = "jsii" },
    { name = "publication" },
    { name = "typeguard" },
]
sdist = { url = "https://files.pythonhosted.org/packages/d9/27/30c45b095242c4448971bea1eb2c102a400ce8dd7fd3a72b102e8514451a/aws_cdk_lib-2.257.0.tar.gz", hash = "sha256:2eb5a890ce9c9ce89a2838c32e044347940005885c0663fa195867dccfc4f2b5", size = 50477330, upload-time = "2026-05-21T20:15:48.431Z" }
wheels = [
    { url = "https://files.pythonhosted.org/packages/9f/c9/41a48cd0035b212a7d5c8434abdfd48aa91b0219788b8ed512d6b53c0732/aws_cdk_lib-2.257.0-py3-none-any.whl", hash = "sha256:f0d0838eb0bb35a4f139277f280dd4319fb3051369f726832e86c4d1eb025b4e", size = 51168399, upload-time = "2026-05-21T20:15:05.69Z" },
]

[[package]]
name = "cattrs"
version = "25.3.0"
source = { registry = "https://pypi.org/simple" }
dependencies = [
    { name = "attrs" },
    { name = "typing-extensions" },
]
sdist = { url = "https://files.pythonhosted.org/packages/6e/00/2432bb2d445b39b5407f0a90e01b9a271475eea7caf913d7a86bcb956385/cattrs-25.3.0.tar.gz", hash = "sha256:1ac88d9e5eda10436c4517e390a4142d88638fe682c436c93db7ce4a277b884a", size = 509321, upload-time = "2025-10-07T12:26:08.737Z" }
wheels = [
    { url = "https://files.pythonhosted.org/packages/d8/2b/a40e1488fdfa02d3f9a653a61a5935ea08b3c2225ee818db6a76c7ba9695/cattrs-25.3.0-py3-none-any.whl", hash = "sha256:9896e84e0a5bf723bc7b4b68f4481785367ce07a8a02e7e9ee6eb2819bc306ff", size = 70738, upload-time = "2025-10-07T12:26:06.603Z" },
]

[[package]]
name = "constructs"
version = "10.6.0"
source = { registry = "https://pypi.org/simple" }
dependencies = [
    { name = "jsii" },
    { name = "publication" },
    { name = "typeguard" },
]
sdist = { url = "https://files.pythonhosted.org/packages/91/13/f57364d14c818108a47e124d1a4cfbee7c9f69ab1263ab59a7087028be18/constructs-10.6.0.tar.gz", hash = "sha256:bc55d1d390142424861e5ff5c6b8c243c4bae18fe7302e0939c2003f329ba365", size = 68788, upload-time = "2026-03-23T09:00:54.242Z" }
wheels = [
    { url = "https://files.pythonhosted.org/packages/fc/38/6de46d122a2fcd275a5f1fa4ad1d8d2058afd6b72d8db5f0c125515cbb5c/constructs-10.6.0-py3-none-any.whl", hash = "sha256:ad4ffabdb53c17cde00fb94e441a1ba9fddac57c92ad49d263f8dbd416cec513", size = 66969, upload-time = "2026-03-23T09:00:53.041Z" },
]

[[package]]
name = "importlib-resources"
version = "7.1.0"
source = { registry = "https://pypi.org/simple" }
sdist = { url = "https://files.pythonhosted.org/packages/e4/06/b56dfa750b44e86157093bc8fca0ab81dccbf5260510de4eaf1cb69b5b99/importlib_resources-7.1.0.tar.gz", hash = "sha256:0722d4c6212489c530f2a145a34c0a7a3b4721bc96a15fada5930e2a0b760708", size = 44985, upload-time = "2026-04-12T16:36:09.232Z" }
wheels = [
    { url = "https://files.pythonhosted.org/packages/8a/db/55a262f3606bebcae07cc14095338471ad7c0bbcaa37707e6f0ee49725b7/importlib_resources-7.1.0-py3-none-any.whl", hash = "sha256:1bd7b48b4088eddb2cd16382150bb515af0bd2c70128194392725f82ad2c96a1", size = 37232, upload-time = "2026-04-12T16:36:08.219Z" },
]

[[package]]
name = "jsii"
version = "1.132.0"
source = { registry = "https://pypi.org/simple" }
dependencies = [
    { name = "attrs" },
    { name = "cattrs" },
    { name = "importlib-resources" },
    { name = "publication" },
    { name = "python-dateutil" },
    { name = "typeguard" },
    { name = "typing-extensions" },
]
sdist = { url = "https://files.pythonhosted.org/packages/fb/c0/0b07138172de62fc50691f1df6bdc1257f9faed90be6e3c50bc5c673b47f/jsii-1.132.0.tar.gz", hash = "sha256:7dd7af915f540e0b8c0f5162a985f6773a522d0166b690bf4156abf493826bc2", size = 446136, upload-time = "2026-05-22T09:35:19.206Z" }
wheels = [
    { url = "https://files.pythonhosted.org/packages/d5/0a/77f015c13e2c4998b7667e28563530a233029a45bdd0264c00f7ef6cf7b5/jsii-1.132.0-py3-none-any.whl", hash = "sha256:8a1bd03fb7b010f104d47f1bfd5df0110280be39a63b2b477ab8d1aa4bb8a1db", size = 419532, upload-time = "2026-05-22T09:35:17.869Z" },
]

[[package]]
name = "publication"
version = "0.0.3"
source = { registry = "https://pypi.org/simple" }
sdist = { url = "https://files.pythonhosted.org/packages/6b/8e/8c9fe7e32fdf9c386f83d59610cc819a25dadb874b5920f2d0ef7d35f46d/publication-0.0.3.tar.gz", hash = "sha256:68416a0de76dddcdd2930d1c8ef853a743cc96c82416c4e4d3b5d901c6276dc4", size = 5484, upload-time = "2019-01-15T07:52:23.914Z" }
wheels = [
    { url = "https://files.pythonhosted.org/packages/f8/d3/6308debad7afcdb3ea5f50b4b3d852f41eb566a311fbcb4da23755a28155/publication-0.0.3-py2.py3-none-any.whl", hash = "sha256:0248885351febc11d8a1098d5c8e3ab2dabcf3e8c0c96db1e17ecd12b53afbe6", size = 7687, upload-time = "2019-01-15T07:52:22.151Z" },
]

[[package]]
name = "python-dateutil"
version = "2.9.0.post0"
source = { registry = "https://pypi.org/simple" }
dependencies = [
    { name = "six" },
]
sdist = { url = "https://files.pythonhosted.org/packages/66/c0/0c8b6ad9f17a802ee498c46e004a0eb49bc148f2fd230864601a86dcf6db/python-dateutil-2.9.0.post0.tar.gz", hash = "sha256:37dd54208da7e1cd875388217d5e00ebd4179249f90fb72437e91a35459a0ad3", size = 342432, upload-time = "2024-03-01T18:36:20.211Z" }
wheels = [
    { url = "https://files.pythonhosted.org/packages/ec/57/56b9bcc3c9c6a792fcbaf139543cee77261f3651ca9da0c93f5c1221264b/python_dateutil-2.9.0.post0-py2.py3-none-any.whl", hash = "sha256:a8b2bc7bffae282281c8140a97d3aa9c14da0b136dfe83f850eea9a5f7470427", size = 229892, upload-time = "2024-03-01T18:36:18.57Z" },
]

[[package]]
name = "six"
version = "1.17.0"
source = { registry = "https://pypi.org/simple" }
sdist = { url = "https://files.pythonhosted.org/packages/94/e7/b2c673351809dca68a0e064b6af791aa332cf192da575fd474ed7d6f16a2/six-1.17.0.tar.gz", hash = "sha256:ff70335d468e7eb6ec65b95b99d3a2836546063f63acc5171de367e834932a81", size = 34031, upload-time = "2024-12-04T17:35:28.174Z" }
wheels = [
    { url = "https://files.pythonhosted.org/packages/b7/ce/149a00dd41f10bc29e5921b496af8b574d8413afcd5e30dfa0ed46c2cc5e/six-1.17.0-py2.py3-none-any.whl", hash = "sha256:4721f391ed90541fddacab5acf947aa0d3dc7d27b2e1e8eda2be8970586c3274", size = 11050, upload-time = "2024-12-04T17:35:26.475Z" },
]

[[package]]
name = "typeguard"
version = "2.13.3"
source = { registry = "https://pypi.org/simple" }
sdist = { url = "https://files.pythonhosted.org/packages/3a/38/c61bfcf62a7b572b5e9363a802ff92559cb427ee963048e1442e3aef7490/typeguard-2.13.3.tar.gz", hash = "sha256:00edaa8da3a133674796cf5ea87d9f4b4c367d77476e185e80251cc13dfbb8c4", size = 40604, upload-time = "2021-12-10T21:09:39.158Z" }
wheels = [
    { url = "https://files.pythonhosted.org/packages/9a/bb/d43e5c75054e53efce310e79d63df0ac3f25e34c926be5dffb7d283fb2a8/typeguard-2.13.3-py3-none-any.whl", hash = "sha256:5e3e3be01e887e7eafae5af63d1f36c849aaa94e3a0112097312aabfa16284f1", size = 17605, upload-time = "2021-12-10T21:09:37.844Z" },
]

[[package]]
name = "typing-extensions"
version = "4.15.0"
source = { registry = "https://pypi.org/simple" }
sdist = { url = "https://files.pythonhosted.org/packages/72/94/1a15dd82efb362ac84269196e94cf00f187f7ed21c242792a923cdb1c61f/typing_extensions-4.15.0.tar.gz", hash = "sha256:0cea48d173cc12fa28ecabc3b837ea3cf6f38c6d1136f85cbaaf598984861466", size = 109391, upload-time = "2025-08-25T13:49:26.313Z" }
wheels = [
    { url = "https://files.pythonhosted.org/packages/18/67/36e9267722cc04a6b9f15c7f3441c2363321a3ea07da7ae0c0707beb2a9c/typing_extensions-4.15.0-py3-none-any.whl", hash = "sha256:f0fa19c6845758ab08074a0cfa8b7aecb71c999ca73d62883bc25cc018c4e548", size = 44614, upload-time = "2025-08-25T13:49:24.86Z" },
]

[[package]]
name = "vizzy-infra"
version = "0.1.0"
source = { virtual = "." }
dependencies = [
    { name = "aws-cdk-lib" },
    { name = "constructs" },
]

[package.metadata]
requires-dist = [
    { name = "aws-cdk-lib", specifier = ">=2.150.0" },
    { name = "constructs", specifier = ">=10.0.0" },
]
